// !$*UTF8*$!
{
	archiveVersion = 1;
	classes = {
	};
	objectVersion = 48;
	objects = {

/* Begin PBXBuildFile section */
		5C493D4E1FC0EE68005F193E /* Task.swift in Sources */ = {isa = PBXBuildFile; fileRef = 5C493D4D1FC0EE68005F193E /* Task.swift */; };
		5C493D501FC0F7BA005F193E /* CreateTaskViewController.swift in Sources */ = {isa = PBXBuildFile; fileRef = 5C493D4F1FC0F7BA005F193E /* CreateTaskViewController.swift */; };
		5CB706751FBA764600B9AD73 /* AppDelegate.swift in Sources */ = {isa = PBXBuildFile; fileRef = 5CB706741FBA764600B9AD73 /* AppDelegate.swift */; };
		5CB706771FBA764600B9AD73 /* TasksViewController.swift in Sources */ = {isa = PBXBuildFile; fileRef = 5CB706761FBA764600B9AD73 /* TasksViewController.swift */; };
		5CB7067A1FBA764600B9AD73 /* Main.storyboard in Resources */ = {isa = PBXBuildFile; fileRef = 5CB706781FBA764600B9AD73 /* Main.storyboard */; };
		5CB7067D1FBA764600B9AD73 /* Doit.xcdatamodeld in Sources */ = {isa = PBXBuildFile; fileRef = 5CB7067B1FBA764600B9AD73 /* Doit.xcdatamodeld */; };
		5CB7067F1FBA764600B9AD73 /* Assets.xcassets in Resources */ = {isa = PBXBuildFile; fileRef = 5CB7067E1FBA764600B9AD73 /* Assets.xcassets */; };
		5CB706821FBA764600B9AD73 /* LaunchScreen.storyboard in Resources */ = {isa = PBXBuildFile; fileRef = 5CB706801FBA764600B9AD73 /* LaunchScreen.storyboard */; };
/* End PBXBuildFile section */

/* Begin PBXFileReference section */
		5C493D4D1FC0EE68005F193E /* Task.swift */ = {isa = PBXFileReference; lastKnownFileType = sourcecode.swift; path = Task.swift; sourceTree = "<group>"; };
		5C493D4F1FC0F7BA005F193E /* CreateTaskViewController.swift */ = {isa = PBXFileReference; lastKnownFileType = sourcecode.swift; path = CreateTaskViewController.swift; sourceTree = "<group>"; };
		5CB706711FBA764600B9AD73 /* Doit.app */ = {isa = PBXFileReference; explicitFileType = wrapper.application; includeInIndex = 0; path = Doit.app; sourceTree = BUILT_PRODUCTS_DIR; };
		5CB706741FBA764600B9AD73 /* AppDelegate.swift */ = {isa = PBXFileReference; lastKnownFileType = sourcecode.swift; path = AppDelegate.swift; sourceTree = "<group>"; };
		5CB706761FBA764600B9AD73 /* TasksViewController.swift */ = {isa = PBXFileReference; lastKnownFileType = sourcecode.swift; path = TasksViewController.swift; sourceTree = "<group>"; };
		5CB706791FBA764600B9AD73 /* Base */ = {isa = PBXFileReference; lastKnownFileType = file.storyboard; name = Base; path = Base.lproj/Main.storyboard; sourceTree = "<group>"; };
		5CB7067C1FBA764600B9AD73 /* Doit.xcdatamodel */ = {isa = PBXFileReference; lastKnownFileType = wrapper.xcdatamodel; path = Doit.xcdatamodel; sourceTree = "<group>"; };
		5CB7067E1FBA764600B9AD73 /* Assets.xcassets */ = {isa = PBXFileReference; lastKnownFileType = folder.assetcatalog; path = Assets.xcassets; sourceTree = "<group>"; };
		5CB706811FBA764600B9AD73 /* Base */ = {isa = PBXFileReference; lastKnownFileType = file.storyboard; name = Base; path = Base.lproj/LaunchScreen.storyboard; sourceTree = "<group>"; };
		5CB706831FBA764700B9AD73 /* Info.plist */ = {isa = PBXFileReference; lastKnownFileType = text.plist.xml; path = Info.plist; sourceTree = "<group>"; };
/* End PBXFileReference section */

/* Begin PBXFrameworksBuildPhase section */
		5CB7066E1FBA764600B9AD73 /* Frameworks */ = {
			isa = PBXFrameworksBuildPhase;
			buildActionMask = 2147483647;
			files = (
			);
			runOnlyForDeploymentPostprocessing = 0;
		};
/* End PBXFrameworksBuildPhase section */

/* Begin PBXGroup section */
		5CB706681FBA764600B9AD73 = {
			isa = PBXGroup;
			children = (
				5CB706731FBA764600B9AD73 /* Doit */,
				5CB706721FBA764600B9AD73 /* Products */,
			);
			sourceTree = "<group>";
		};
		5CB706721FBA764600B9AD73 /* Products */ = {
			isa = PBXGroup;
			children = (
				5CB706711FBA764600B9AD73 /* Doit.app */,
			);
			name = Products;
			sourceTree = "<group>";
		};
		5CB706731FBA764600B9AD73 /* Doit */ = {
			isa = PBXGroup;
			children = (
				5CB706741FBA764600B9AD73 /* AppDelegate.swift */,
				5CB706761FBA764600B9AD73 /* TasksViewController.swift */,
				5CB706781FBA764600B9AD73 /* Main.storyboard */,
				5C493D4F1FC0F7BA005F193E /* CreateTaskViewController.swift */,
				5C493D4D1FC0EE68005F193E /* Task.swift */,
				5CB7067E1FBA764600B9AD73 /* Assets.xcassets */,
				5CB706801FBA764600B9AD73 /* LaunchScreen.storyboard */,
				5CB706831FBA764700B9AD73 /* Info.plist */,
				5CB7067B1FBA764600B9AD73 /* Doit.xcdatamodeld */,
			);
			path = Doit;
			sourceTree = "<group>";
		};
/* End PBXGroup section */

/* Begin PBXNativeTarget section */
		5CB706701FBA764600B9AD73 /* Doit */ = {
			isa = PBXNativeTarget;
			buildConfigurationList = 5CB706861FBA764700B9AD73 /* Build configuration list for PBXNativeTarget "Doit" */;
			buildPhases = (
				5CB7066D1FBA764600B9AD73 /* Sources */,
				5CB7066E1FBA764600B9AD73 /* Frameworks */,
				5CB7066F1FBA764600B9AD73 /* Resources */,
			);
			buildRules = (
			);
			dependencies = (
			);
			name = Doit;
			productName = Doit;
			productReference = 5CB706711FBA764600B9AD73 /* Doit.app */;
			productType = "com.apple.product-type.application";
		};
/* End PBXNativeTarget section */

/* Begin PBXProject section */
		5CB706691FBA764600B9AD73 /* Project object */ = {
			isa = PBXProject;
			attributes = {
				LastSwiftUpdateCheck = 0910;
				LastUpgradeCheck = 0910;
				ORGANIZATIONNAME = "Creative Nexo, Inc.";
				TargetAttributes = {
					5CB706701FBA764600B9AD73 = {
						CreatedOnToolsVersion = 9.1;
						ProvisioningStyle = Automatic;
					};
				};
			};
			buildConfigurationList = 5CB7066C1FBA764600B9AD73 /* Build configuration list for PBXProject "Doit" */;
			compatibilityVersion = "Xcode 8.0";
			developmentRegion = en;
			hasScannedForEncodings = 0;
			knownRegions = (
				en,
				Base,
			);
			mainGroup = 5CB706681FBA764600B9AD73;
			productRefGroup = 5CB706721FBA764600B9AD73 /* Products */;
			projectDirPath = "";
			projectRoot = "";
			targets = (
				5CB706701FBA764600B9AD73 /* Doit */,
			);
		};
/* End PBXProject section */

/* Begin PBXResourcesBuildPhase section */
		5CB7066F1FBA764600B9AD73 /* Resources */ = {
			isa = PBXResourcesBuildPhase;
			buildActionMask = 2147483647;
			files = (
				5CB706821FBA764600B9AD73 /* LaunchScreen.storyboard in Resources */,
				5CB7067F1FBA764600B9AD73 /* Assets.xcassets in Resources */,
				5CB7067A1FBA764600B9AD73 /* Main.storyboard in Resources */,
			);
			runOnlyForDeploymentPostprocessing = 0;
		};
/* End PBXResourcesBuildPhase section */

/* Begin PBXSourcesBuildPhase section */
		5CB7066D1FBA764600B9AD73 /* Sources */ = {
			isa = PBXSourcesBuildPhase;
			buildActionMask = 2147483647;
			files = (
				5C493D4E1FC0EE68005F193E /* Task.swift in Sources */,
				5CB706771FBA764600B9AD73 /* TasksViewController.swift in Sources */,
				5CB706751FBA764600B9AD73 /* AppDelegate.swift in Sources */,
				5CB7067D1FBA764600B9AD73 /* Doit.xcdatamodeld in Sources */,
				5C493D501FC0F7BA005F193E /* CreateTaskViewController.swift in Sources */,
			);
			runOnlyForDeploymentPostprocessing = 0;
		};
/* End PBXSourcesBuildPhase section */

/* Begin PBXVariantGroup section */
		5CB706781FBA764600B9AD73 /* Main.storyboard */ = {
			isa = PBXVariantGroup;
			children = (
				5CB706791FBA764600B9AD73 /* Base */,
			);
			name = Main.storyboard;
			sourceTree = "<group>";
		};
		5CB706801FBA764600B9AD73 /* LaunchScreen.storyboard */ = {
			isa = PBXVariantGroup;
			children = (
				5CB706811FBA764600B9AD73 /* Base */,
			);
			name = LaunchScreen.storyboard;
			sourceTree = "<group>";
		};
/* End PBXVariantGroup section */

/* Begin XCBuildConfiguration section */
		5CB706841FBA764700B9AD73 /* Debug */ = {
			isa = XCBuildConfiguration;
			buildSettings = {
				ALWAYS_SEARCH_USER_PATHS = NO;
				CLANG_ANALYZER_NONNULL = YES;
				CLANG_ANALYZER_NUMBER_OBJECT_CONVERSION = YES_AGGRESSIVE;
				CLANG_CXX_LANGUAGE_STANDARD = "gnu++14";
				CLANG_CXX_LIBRARY = "libc++";
				CLANG_ENABLE_MODULES = YES;
				CLANG_ENABLE_OBJC_ARC = YES;
				CLANG_WARN_BLOCK_CAPTURE_AUTORELEASING = YES;
				CLANG_WARN_BOOL_CONVERSION = YES;
				CLANG_WARN_COMMA = YES;
				CLANG_WARN_CONSTANT_CONVERSION = YES;
				CLANG_WARN_DIRECT_OBJC_ISA_USAGE = YES_ERROR;
				CLANG_WARN_DOCUMENTATION_COMMENTS = YES;
				CLANG_WARN_EMPTY_BODY = YES;
				CLANG_WARN_ENUM_CONVERSION = YES;
				CLANG_WARN_INFINITE_RECURSION = YES;
				CLANG_WARN_INT_CONVERSION = YES;
				CLANG_WARN_NON_LITERAL_NULL_CONVERSION = YES;
				CLANG_WARN_OBJC_LITERAL_CONVERSION = YES;
				CLANG_WARN_OBJC_ROOT_CLASS = YES_ERROR;
				CLANG_WARN_RANGE_LOOP_ANALYSIS = YES;
				CLANG_WARN_STRICT_PROTOTYPES = YES;
				CLANG_WARN_SUSPICIOUS_MOVE = YES;
				CLANG_WARN_UNGUARDED_AVAILABILITY = YES_AGGRESSIVE;
				CLANG_WARN_UNREACHABLE_CODE = YES;
				CLANG_WARN__DUPLICATE_METHOD_MATCH = YES;
				CODE_SIGN_IDENTITY = "iPhone Developer";
				COPY_PHASE_STRIP = NO;
				DEBUG_INFORMATION_FORMAT = dwarf;
				ENABLE_STRICT_OBJC_MSGSEND = YES;
				ENABLE_TESTABILITY = YES;
				GCC_C_LANGUAGE_STANDARD = gnu11;
				GCC_DYNAMIC_NO_PIC = NO;
				GCC_NO_COMMON_BLOCKS = YES;
				GCC_OPTIMIZATION_LEVEL = 0;
				GCC_PREPROCESSOR_DEFINITIONS = (
					"DEBUG=1",
					"$(inherited)",
				);
				GCC_WARN_64_TO_32_BIT_CONVERSION = YES;
				GCC_WARN_ABOUT_RETURN_TYPE = YES_ERROR;
				GCC_WARN_UNDECLARED_SELECTOR = YES;
				GCC_WARN_UNINITIALIZED_AUTOS = YES_AGGRESSIVE;
				GCC_WARN_UNUSED_FUNCTION = YES;
				GCC_WARN_UNUSED_VARIABLE = YES;
				IPHONEOS_DEPLOYMENT_TARGET = 11.1;
				MTL_ENABLE_DEBUG_INFO = YES;
				ONLY_ACTIVE_ARCH = YES;
				SDKROOT = iphoneos;
				SWIFT_ACTIVE_COMPILATION_CONDITIONS = DEBUG;
				SWIFT_OPTIMIZATION_LEVEL = "-Onone";
			};
			name = Debug;
		};
		5CB706851FBA764700B9AD73 /* Release */ = {
			isa = XCBuildConfiguration;
			buildSettings = {
				ALWAYS_SEARCH_USER_PATHS = NO;
				CLANG_ANALYZER_NONNULL = YES;
				CLANG_ANALYZER_NUMBER_OBJECT_CONVERSION = YES_AGGRESSIVE;
				CLANG_CXX_LANGUAGE_STANDARD = "gnu++14";
				CLANG_CXX_LIBRARY = "libc++";
				CLANG_ENABLE_MODULES = YES;
				CLANG_ENABLE_OBJC_ARC = YES;
				CLANG_WARN_BLOCK_CAPTURE_AUTORELEASING = YES;
				CLANG_WARN_BOOL_CONVERSION = YES;
				CLANG_WARN_COMMA = YES;
				CLANG_WARN_CONSTANT_CONVERSION = YES;
				CLANG_WARN_DIRECT_OBJC_ISA_USAGE = YES_ERROR;
				CLANG_WARN_DOCUMENTATION_COMMENTS = YES;
				CLANG_WARN_EMPTY_BODY = YES;
				CLANG_WARN_ENUM_CONVERSION = YES;
				CLANG_WARN_INFINITE_RECURSION = YES;
				CLANG_WARN_INT_CONVERSION = YES;
				CLANG_WARN_NON_LITERAL_NULL_CONVERSION = YES;
				CLANG_WARN_OBJC_LITERAL_CONVERSION = YES;
				CLANG_WARN_OBJC_ROOT_CLASS = YES_ERROR;
				CLANG_WARN_RANGE_LOOP_ANALYSIS = YES;
				CLANG_WARN_STRICT_PROTOTYPES = YES;
				CLANG_WARN_SUSPICIOUS_MOVE = YES;
				CLANG_WARN_UNGUARDED_AVAILABILITY = YES_AGGRESSIVE;
				CLANG_WARN_UNREACHABLE_CODE = YES;
				CLANG_WARN__DUPLICATE_METHOD_MATCH = YES;
				CODE_SIGN_IDENTITY = "iPhone Developer";
				COPY_PHASE_STRIP = NO;
				DEBUG_INFORMATION_FORMAT = "dwarf-with-dsym";
				ENABLE_NS_ASSERTIONS = NO;
				ENABLE_STRICT_OBJC_MSGSEND = YES;
				GCC_C_LANGUAGE_STANDARD = gnu11;
				GCC_NO_COMMON_BLOCKS = YES;
				GCC_WARN_64_TO_32_BIT_CONVERSION = YES;
				GCC_WARN_ABOUT_RETURN_TYPE = YES_ERROR;
				GCC_WARN_UNDECLARED_SELECTOR = YES;
				GCC_WARN_UNINITIALIZED_AUTOS = YES_AGGRESSIVE;
				GCC_WARN_UNUSED_FUNCTION = YES;
				GCC_WARN_UNUSED_VARIABLE = YES;
				IPHONEOS_DEPLOYMENT_TARGET = 11.1;
				MTL_ENABLE_DEBUG_INFO = NO;
				SDKROOT = iphoneos;
				SWIFT_OPTIMIZATION_LEVEL = "-Owholemodule";
				VALIDATE_PRODUCT = YES;
			};
			name = Release;
		};
		5CB706871FBA764700B9AD73 /* Debug */ = {
			isa = XCBuildConfiguration;
			buildSettings = {
				ASSETCATALOG_COMPILER_APPICON_NAME = AppIcon;
				CODE_SIGN_STYLE = Automatic;
				INFOPLIST_FILE = Doit/Info.plist;
				LD_RUNPATH_SEARCH_PATHS = "$(inherited) @executable_path/Frameworks";
				PRODUCT_BUNDLE_IDENTIFIER = co.creativenexo.Doit;
				PRODUCT_NAME = "$(TARGET_NAME)";
				SWIFT_VERSION = 4.0;
				TARGETED_DEVICE_FAMILY = "1,2";
			};
			name = Debug;
		};
		5CB706881FBA764700B9AD73 /* Release */ = {
			isa = XCBuildConfiguration;
			buildSettings = {
				ASSETCATALOG_COMPILER_APPICON_NAME = AppIcon;
				CODE_SIGN_STYLE = Automatic;
				INFOPLIST_FILE = Doit/Info.plist;
				LD_RUNPATH_SEARCH_PATHS = "$(inherited) @executable_path/Frameworks";
				PRODUCT_BUNDLE_IDENTIFIER = co.creativenexo.Doit;
				PRODUCT_NAME = "$(TARGET_NAME)";
				SWIFT_VERSION = 4.0;
				TARGETED_DEVICE_FAMILY = "1,2";
			};
			name = Release;
		};
/* End XCBuildConfiguration section */

/* Begin XCConfigurationList section */
		5CB7066C1FBA764600B9AD73 /* Build configuration list for PBXProject "Doit" */ = {
			isa = XCConfigurationList;
			buildConfigurations = (
				5CB706841FBA764700B9AD73 /* Debug */,
				5CB706851FBA764700B9AD73 /* Release */,
			);
			defaultConfigurationIsVisible = 0;
			defaultConfigurationName = Release;
		};
		5CB706861FBA764700B9AD73 /* Build configuration list for PBXNativeTarget "Doit" */ = {
			isa = XCConfigurationList;
			buildConfigurations = (
				5CB706871FBA764700B9AD73 /* Debug */,
				5CB706881FBA764700B9AD73 /* Release */,
			);
			defaultConfigurationIsVisible = 0;
			defaultConfigurationName = Release;
		};
/* End XCConfigurationList section */

/* Begin XCVersionGroup section */
		5CB7067B1FBA764600B9AD73 /* Doit.xcdatamodeld */ = {
			isa = XCVersionGroup;
			children = (
				5CB7067C1FBA764600B9AD73 /* Doit.xcdatamodel */,
			);
			currentVersion = 5CB7067C1FBA764600B9AD73 /* Doit.xcdatamodel */;
			path = Doit.xcdatamodeld;
			sourceTree = "<group>";
			versionGroupType = wrapper.xcdatamodel;
		};
/* End XCVersionGroup section */
	};
	rootObject = 5CB706691FBA764600B9AD73 /* Project object */;
}
